// !$*UTF8*$!
{
	archiveVersion = 1;
	classes = {
	};
	objectVersion = 51;
	objects = {

/* Begin PBXBuildFile section */
		3E23498724FBEAA200ED9B54 /* AppDelegate.swift in Sources */ = {isa = PBXBuildFile; fileRef = 3E23498624FBEAA200ED9B54 /* AppDelegate.swift */; };
		3E23498924FBEAA200ED9B54 /* SceneDelegate.swift in Sources */ = {isa = PBXBuildFile; fileRef = 3E23498824FBEAA200ED9B54 /* SceneDelegate.swift */; };
		3E23498B24FBEAA200ED9B54 /* LoginVC.swift in Sources */ = {isa = PBXBuildFile; fileRef = 3E23498A24FBEAA200ED9B54 /* LoginVC.swift */; };
		3E23498E24FBEAA200ED9B54 /* Main.storyboard in Resources */ = {isa = PBXBuildFile; fileRef = 3E23498C24FBEAA200ED9B54 /* Main.storyboard */; };
		3E23499024FBEAA500ED9B54 /* Assets.xcassets in Resources */ = {isa = PBXBuildFile; fileRef = 3E23498F24FBEAA500ED9B54 /* Assets.xcassets */; };
		3E23499324FBEAA500ED9B54 /* LaunchScreen.storyboard in Resources */ = {isa = PBXBuildFile; fileRef = 3E23499124FBEAA500ED9B54 /* LaunchScreen.storyboard */; };
		3E23499B24FBF62900ED9B54 /* Constants.swift in Sources */ = {isa = PBXBuildFile; fileRef = 3E23499A24FBF62900ED9B54 /* Constants.swift */; };
		3E23499D24FBF7BB00ED9B54 /* Network.swift in Sources */ = {isa = PBXBuildFile; fileRef = 3E23499C24FBF7BB00ED9B54 /* Network.swift */; };
		3E368BB024FC70DB00AB7C40 /* LocalesTVC.swift in Sources */ = {isa = PBXBuildFile; fileRef = 3E368BAF24FC70DB00AB7C40 /* LocalesTVC.swift */; };
		3E368BB324FC794E00AB7C40 /* AuthManager.swift in Sources */ = {isa = PBXBuildFile; fileRef = 3E368BB224FC794E00AB7C40 /* AuthManager.swift */; };
		3E368BB524FC828F00AB7C40 /* UIApplication.swift in Sources */ = {isa = PBXBuildFile; fileRef = 3E368BB424FC828F00AB7C40 /* UIApplication.swift */; };
		3EC811BB24FC3F5000AD8C9C /* String.swift in Sources */ = {isa = PBXBuildFile; fileRef = 3EC811BA24FC3F5000AD8C9C /* String.swift */; };
		3EC811C124FC446000AD8C9C /* AuthService.swift in Sources */ = {isa = PBXBuildFile; fileRef = 3EC811C024FC446000AD8C9C /* AuthService.swift */; };
		3EC811C324FC455300AD8C9C /* APIModel.swift in Sources */ = {isa = PBXBuildFile; fileRef = 3EC811C224FC455300AD8C9C /* APIModel.swift */; };
		3EC811C524FC6DCA00AD8C9C /* UIViewController.swift in Sources */ = {isa = PBXBuildFile; fileRef = 3EC811C424FC6DCA00AD8C9C /* UIViewController.swift */; };
		607E4CE01F20C0C21E3A066B /* Pods_Characters.framework in Frameworks */ = {isa = PBXBuildFile; fileRef = 00AF338196E41BBF8BAD39A2 /* Pods_Characters.framework */; };
/* End PBXBuildFile section */

/* Begin PBXFileReference section */
		00AF338196E41BBF8BAD39A2 /* Pods_Characters.framework */ = {isa = PBXFileReference; explicitFileType = wrapper.framework; includeInIndex = 0; path = Pods_Characters.framework; sourceTree = BUILT_PRODUCTS_DIR; };
		1812782CE28D149F844C7AAA /* Pods-Characters.release.xcconfig */ = {isa = PBXFileReference; includeInIndex = 1; lastKnownFileType = text.xcconfig; name = "Pods-Characters.release.xcconfig"; path = "Target Support Files/Pods-Characters/Pods-Characters.release.xcconfig"; sourceTree = "<group>"; };
		3E23498324FBEAA200ED9B54 /* Characters.app */ = {isa = PBXFileReference; explicitFileType = wrapper.application; includeInIndex = 0; path = Characters.app; sourceTree = BUILT_PRODUCTS_DIR; };
		3E23498624FBEAA200ED9B54 /* AppDelegate.swift */ = {isa = PBXFileReference; lastKnownFileType = sourcecode.swift; path = AppDelegate.swift; sourceTree = "<group>"; };
		3E23498824FBEAA200ED9B54 /* SceneDelegate.swift */ = {isa = PBXFileReference; lastKnownFileType = sourcecode.swift; path = SceneDelegate.swift; sourceTree = "<group>"; };
		3E23498A24FBEAA200ED9B54 /* LoginVC.swift */ = {isa = PBXFileReference; lastKnownFileType = sourcecode.swift; path = LoginVC.swift; sourceTree = "<group>"; };
		3E23498D24FBEAA200ED9B54 /* Base */ = {isa = PBXFileReference; lastKnownFileType = file.storyboard; name = Base; path = Base.lproj/Main.storyboard; sourceTree = "<group>"; };
		3E23498F24FBEAA500ED9B54 /* Assets.xcassets */ = {isa = PBXFileReference; lastKnownFileType = folder.assetcatalog; path = Assets.xcassets; sourceTree = "<group>"; };
		3E23499224FBEAA500ED9B54 /* Base */ = {isa = PBXFileReference; lastKnownFileType = file.storyboard; name = Base; path = Base.lproj/LaunchScreen.storyboard; sourceTree = "<group>"; };
		3E23499424FBEAA500ED9B54 /* Info.plist */ = {isa = PBXFileReference; lastKnownFileType = text.plist.xml; path = Info.plist; sourceTree = "<group>"; };
		3E23499A24FBF62900ED9B54 /* Constants.swift */ = {isa = PBXFileReference; lastKnownFileType = sourcecode.swift; path = Constants.swift; sourceTree = "<group>"; };
		3E23499C24FBF7BB00ED9B54 /* Network.swift */ = {isa = PBXFileReference; lastKnownFileType = sourcecode.swift; path = Network.swift; sourceTree = "<group>"; };
		3E368BAF24FC70DB00AB7C40 /* LocalesTVC.swift */ = {isa = PBXFileReference; lastKnownFileType = sourcecode.swift; path = LocalesTVC.swift; sourceTree = "<group>"; };
		3E368BB224FC794E00AB7C40 /* AuthManager.swift */ = {isa = PBXFileReference; lastKnownFileType = sourcecode.swift; path = AuthManager.swift; sourceTree = "<group>"; };
		3E368BB424FC828F00AB7C40 /* UIApplication.swift */ = {isa = PBXFileReference; lastKnownFileType = sourcecode.swift; path = UIApplication.swift; sourceTree = "<group>"; };
		3EC811BA24FC3F5000AD8C9C /* String.swift */ = {isa = PBXFileReference; lastKnownFileType = sourcecode.swift; path = String.swift; sourceTree = "<group>"; };
		3EC811C024FC446000AD8C9C /* AuthService.swift */ = {isa = PBXFileReference; lastKnownFileType = sourcecode.swift; path = AuthService.swift; sourceTree = "<group>"; };
		3EC811C224FC455300AD8C9C /* APIModel.swift */ = {isa = PBXFileReference; lastKnownFileType = sourcecode.swift; path = APIModel.swift; sourceTree = "<group>"; };
		3EC811C424FC6DCA00AD8C9C /* UIViewController.swift */ = {isa = PBXFileReference; lastKnownFileType = sourcecode.swift; path = UIViewController.swift; sourceTree = "<group>"; };
		EA3E1466FB6918EB3937AB93 /* Pods-Characters.debug.xcconfig */ = {isa = PBXFileReference; includeInIndex = 1; lastKnownFileType = text.xcconfig; name = "Pods-Characters.debug.xcconfig"; path = "Target Support Files/Pods-Characters/Pods-Characters.debug.xcconfig"; sourceTree = "<group>"; };
/* End PBXFileReference section */

/* Begin PBXFrameworksBuildPhase section */
		3E23498024FBEAA200ED9B54 /* Frameworks */ = {
			isa = PBXFrameworksBuildPhase;
			buildActionMask = 2147483647;
			files = (
				607E4CE01F20C0C21E3A066B /* Pods_Characters.framework in Frameworks */,
			);
			runOnlyForDeploymentPostprocessing = 0;
		};
/* End PBXFrameworksBuildPhase section */

/* Begin PBXGroup section */
		3E23497A24FBEAA200ED9B54 = {
			isa = PBXGroup;
			children = (
				3E23498524FBEAA200ED9B54 /* Characters */,
				3E23498424FBEAA200ED9B54 /* Products */,
				873FDB73026F8F05CF6FF4B4 /* Pods */,
				AFAF48E45E1223109DB5E42D /* Frameworks */,
			);
			sourceTree = "<group>";
		};
		3E23498424FBEAA200ED9B54 /* Products */ = {
			isa = PBXGroup;
			children = (
				3E23498324FBEAA200ED9B54 /* Characters.app */,
			);
			name = Products;
			sourceTree = "<group>";
		};
		3E23498524FBEAA200ED9B54 /* Characters */ = {
			isa = PBXGroup;
			children = (
				3E368BB124FC70E300AB7C40 /* ViewControllers */,
				3E23498C24FBEAA200ED9B54 /* Main.storyboard */,
				3EC811BD24FC3FA400AD8C9C /* Model */,
				3EC811B924FC3EB600AD8C9C /* Common */,
				3EC811BE24FC428600AD8C9C /* Services */,
				3EC811BF24FC430C00AD8C9C /* Supporting files */,
			);
			path = Characters;
			sourceTree = "<group>";
		};
		3E368BB124FC70E300AB7C40 /* ViewControllers */ = {
			isa = PBXGroup;
			children = (
				3E23498A24FBEAA200ED9B54 /* LoginVC.swift */,
				3E368BAF24FC70DB00AB7C40 /* LocalesTVC.swift */,
			);
			path = ViewControllers;
			sourceTree = "<group>";
		};
		3EC811B924FC3EB600AD8C9C /* Common */ = {
			isa = PBXGroup;
			children = (
				3E23499A24FBF62900ED9B54 /* Constants.swift */,
				3EC811BC24FC3F5B00AD8C9C /* Extensions */,
			);
			path = Common;
			sourceTree = "<group>";
		};
		3EC811BC24FC3F5B00AD8C9C /* Extensions */ = {
			isa = PBXGroup;
			children = (
				3EC811BA24FC3F5000AD8C9C /* String.swift */,
				3EC811C424FC6DCA00AD8C9C /* UIViewController.swift */,
				3E368BB424FC828F00AB7C40 /* UIApplication.swift */,
			);
			path = Extensions;
			sourceTree = "<group>";
		};
		3EC811BD24FC3FA400AD8C9C /* Model */ = {
			isa = PBXGroup;
			children = (
				3EC811C224FC455300AD8C9C /* APIModel.swift */,
			);
			path = Model;
			sourceTree = "<group>";
		};
		3EC811BE24FC428600AD8C9C /* Services */ = {
			isa = PBXGroup;
			children = (
				3E23499C24FBF7BB00ED9B54 /* Network.swift */,
				3EC811C024FC446000AD8C9C /* AuthService.swift */,
				3E368BB224FC794E00AB7C40 /* AuthManager.swift */,
			);
			path = Services;
			sourceTree = "<group>";
		};
		3EC811BF24FC430C00AD8C9C /* Supporting files */ = {
			isa = PBXGroup;
			children = (
				3E23498624FBEAA200ED9B54 /* AppDelegate.swift */,
				3E23498824FBEAA200ED9B54 /* SceneDelegate.swift */,
				3E23498F24FBEAA500ED9B54 /* Assets.xcassets */,
				3E23499124FBEAA500ED9B54 /* LaunchScreen.storyboard */,
				3E23499424FBEAA500ED9B54 /* Info.plist */,
			);
			path = "Supporting files";
			sourceTree = "<group>";
		};
		873FDB73026F8F05CF6FF4B4 /* Pods */ = {
			isa = PBXGroup;
			children = (
				EA3E1466FB6918EB3937AB93 /* Pods-Characters.debug.xcconfig */,
				1812782CE28D149F844C7AAA /* Pods-Characters.release.xcconfig */,
			);
			path = Pods;
			sourceTree = "<group>";
		};
		AFAF48E45E1223109DB5E42D /* Frameworks */ = {
			isa = PBXGroup;
			children = (
				00AF338196E41BBF8BAD39A2 /* Pods_Characters.framework */,
			);
			name = Frameworks;
			sourceTree = "<group>";
		};
/* End PBXGroup section */

/* Begin PBXNativeTarget section */
		3E23498224FBEAA200ED9B54 /* Characters */ = {
			isa = PBXNativeTarget;
			buildConfigurationList = 3E23499724FBEAA500ED9B54 /* Build configuration list for PBXNativeTarget "Characters" */;
			buildPhases = (
				6EBC9C54FDC90141676756FA /* [CP] Check Pods Manifest.lock */,
				3E23497F24FBEAA200ED9B54 /* Sources */,
				3E23498024FBEAA200ED9B54 /* Frameworks */,
				3E23498124FBEAA200ED9B54 /* Resources */,
				EB56022465B651E8F1390FA0 /* [CP] Embed Pods Frameworks */,
			);
			buildRules = (
			);
			dependencies = (
			);
			name = Characters;
			productName = Characters;
			productReference = 3E23498324FBEAA200ED9B54 /* Characters.app */;
			productType = "com.apple.product-type.application";
		};
/* End PBXNativeTarget section */

/* Begin PBXProject section */
		3E23497B24FBEAA200ED9B54 /* Project object */ = {
			isa = PBXProject;
			attributes = {
				LastSwiftUpdateCheck = 1160;
				LastUpgradeCheck = 1160;
				ORGANIZATIONNAME = Wonderland;
				TargetAttributes = {
					3E23498224FBEAA200ED9B54 = {
						CreatedOnToolsVersion = 11.6;
					};
				};
			};
			buildConfigurationList = 3E23497E24FBEAA200ED9B54 /* Build configuration list for PBXProject "Characters" */;
			compatibilityVersion = "Xcode 9.3";
			developmentRegion = en;
			hasScannedForEncodings = 0;
			knownRegions = (
				en,
				Base,
			);
			mainGroup = 3E23497A24FBEAA200ED9B54;
			productRefGroup = 3E23498424FBEAA200ED9B54 /* Products */;
			projectDirPath = "";
			projectRoot = "";
			targets = (
				3E23498224FBEAA200ED9B54 /* Characters */,
			);
		};
/* End PBXProject section */

/* Begin PBXResourcesBuildPhase section */
		3E23498124FBEAA200ED9B54 /* Resources */ = {
			isa = PBXResourcesBuildPhase;
			buildActionMask = 2147483647;
			files = (
				3E23499324FBEAA500ED9B54 /* LaunchScreen.storyboard in Resources */,
				3E23499024FBEAA500ED9B54 /* Assets.xcassets in Resources */,
				3E23498E24FBEAA200ED9B54 /* Main.storyboard in Resources */,
			);
			runOnlyForDeploymentPostprocessing = 0;
		};
/* End PBXResourcesBuildPhase section */

/* Begin PBXShellScriptBuildPhase section */
		6EBC9C54FDC90141676756FA /* [CP] Check Pods Manifest.lock */ = {
			isa = PBXShellScriptBuildPhase;
			buildActionMask = 2147483647;
			files = (
			);
			inputFileListPaths = (
			);
			inputPaths = (
				"${PODS_PODFILE_DIR_PATH}/Podfile.lock",
				"${PODS_ROOT}/Manifest.lock",
			);
			name = "[CP] Check Pods Manifest.lock";
			outputFileListPaths = (
			);
			outputPaths = (
				"$(DERIVED_FILE_DIR)/Pods-Characters-checkManifestLockResult.txt",
			);
			runOnlyForDeploymentPostprocessing = 0;
			shellPath = /bin/sh;
			shellScript = "diff \"${PODS_PODFILE_DIR_PATH}/Podfile.lock\" \"${PODS_ROOT}/Manifest.lock\" > /dev/null\nif [ $? != 0 ] ; then\n    # print error to STDERR\n    echo \"error: The sandbox is not in sync with the Podfile.lock. Run 'pod install' or update your CocoaPods installation.\" >&2\n    exit 1\nfi\n# This output is used by Xcode 'outputs' to avoid re-running this script phase.\necho \"SUCCESS\" > \"${SCRIPT_OUTPUT_FILE_0}\"\n";
			showEnvVarsInLog = 0;
		};
		EB56022465B651E8F1390FA0 /* [CP] Embed Pods Frameworks */ = {
			isa = PBXShellScriptBuildPhase;
			buildActionMask = 2147483647;
			files = (
			);
			inputFileListPaths = (
				"${PODS_ROOT}/Target Support Files/Pods-Characters/Pods-Characters-frameworks-${CONFIGURATION}-input-files.xcfilelist",
			);
			name = "[CP] Embed Pods Frameworks";
			outputFileListPaths = (
				"${PODS_ROOT}/Target Support Files/Pods-Characters/Pods-Characters-frameworks-${CONFIGURATION}-output-files.xcfilelist",
			);
			runOnlyForDeploymentPostprocessing = 0;
			shellPath = /bin/sh;
			shellScript = "\"${PODS_ROOT}/Target Support Files/Pods-Characters/Pods-Characters-frameworks.sh\"\n";
			showEnvVarsInLog = 0;
		};
/* End PBXShellScriptBuildPhase section */

/* Begin PBXSourcesBuildPhase section */
		3E23497F24FBEAA200ED9B54 /* Sources */ = {
			isa = PBXSourcesBuildPhase;
			buildActionMask = 2147483647;
			files = (
				3E368BB524FC828F00AB7C40 /* UIApplication.swift in Sources */,
				3EC811BB24FC3F5000AD8C9C /* String.swift in Sources */,
				3E368BB024FC70DB00AB7C40 /* LocalesTVC.swift in Sources */,
				3E23499D24FBF7BB00ED9B54 /* Network.swift in Sources */,
				3EC811C524FC6DCA00AD8C9C /* UIViewController.swift in Sources */,
				3E23498B24FBEAA200ED9B54 /* LoginVC.swift in Sources */,
				3E23498724FBEAA200ED9B54 /* AppDelegate.swift in Sources */,
				3E23498924FBEAA200ED9B54 /* SceneDelegate.swift in Sources */,
				3EC811C324FC455300AD8C9C /* APIModel.swift in Sources */,
				3E368BB324FC794E00AB7C40 /* AuthManager.swift in Sources */,
				3E23499B24FBF62900ED9B54 /* Constants.swift in Sources */,
				3EC811C124FC446000AD8C9C /* AuthService.swift in Sources */,
			);
			runOnlyForDeploymentPostprocessing = 0;
		};
/* End PBXSourcesBuildPhase section */

/* Begin PBXVariantGroup section */
		3E23498C24FBEAA200ED9B54 /* Main.storyboard */ = {
			isa = PBXVariantGroup;
			children = (
				3E23498D24FBEAA200ED9B54 /* Base */,
			);
			name = Main.storyboard;
			sourceTree = "<group>";
		};
		3E23499124FBEAA500ED9B54 /* LaunchScreen.storyboard */ = {
			isa = PBXVariantGroup;
			children = (
				3E23499224FBEAA500ED9B54 /* Base */,
			);
			name = LaunchScreen.storyboard;
			sourceTree = "<group>";
		};
/* End PBXVariantGroup section */

/* Begin XCBuildConfiguration section */
		3E23499524FBEAA500ED9B54 /* Debug */ = {
			isa = XCBuildConfiguration;
			buildSettings = {
				ALWAYS_SEARCH_USER_PATHS = NO;
				CLANG_ANALYZER_NONNULL = YES;
				CLANG_ANALYZER_NUMBER_OBJECT_CONVERSION = YES_AGGRESSIVE;
				CLANG_CXX_LANGUAGE_STANDARD = "gnu++14";
				CLANG_CXX_LIBRARY = "libc++";
				CLANG_ENABLE_MODULES = YES;
				CLANG_ENABLE_OBJC_ARC = YES;
				CLANG_ENABLE_OBJC_WEAK = YES;
				CLANG_WARN_BLOCK_CAPTURE_AUTORELEASING = YES;
				CLANG_WARN_BOOL_CONVERSION = YES;
				CLANG_WARN_COMMA = YES;
				CLANG_WARN_CONSTANT_CONVERSION = YES;
				CLANG_WARN_DEPRECATED_OBJC_IMPLEMENTATIONS = YES;
				CLANG_WARN_DIRECT_OBJC_ISA_USAGE = YES_ERROR;
				CLANG_WARN_DOCUMENTATION_COMMENTS = YES;
				CLANG_WARN_EMPTY_BODY = YES;
				CLANG_WARN_ENUM_CONVERSION = YES;
				CLANG_WARN_INFINITE_RECURSION = YES;
				CLANG_WARN_INT_CONVERSION = YES;
				CLANG_WARN_NON_LITERAL_NULL_CONVERSION = YES;
				CLANG_WARN_OBJC_IMPLICIT_RETAIN_SELF = YES;
				CLANG_WARN_OBJC_LITERAL_CONVERSION = YES;
				CLANG_WARN_OBJC_ROOT_CLASS = YES_ERROR;
				CLANG_WARN_RANGE_LOOP_ANALYSIS = YES;
				CLANG_WARN_STRICT_PROTOTYPES = YES;
				CLANG_WARN_SUSPICIOUS_MOVE = YES;
				CLANG_WARN_UNGUARDED_AVAILABILITY = YES_AGGRESSIVE;
				CLANG_WARN_UNREACHABLE_CODE = YES;
				CLANG_WARN__DUPLICATE_METHOD_MATCH = YES;
				COPY_PHASE_STRIP = NO;
				DEBUG_INFORMATION_FORMAT = dwarf;
				ENABLE_STRICT_OBJC_MSGSEND = YES;
				ENABLE_TESTABILITY = YES;
				GCC_C_LANGUAGE_STANDARD = gnu11;
				GCC_DYNAMIC_NO_PIC = NO;
				GCC_NO_COMMON_BLOCKS = YES;
				GCC_OPTIMIZATION_LEVEL = 0;
				GCC_PREPROCESSOR_DEFINITIONS = (
					"DEBUG=1",
					"$(inherited)",
				);
				GCC_WARN_64_TO_32_BIT_CONVERSION = YES;
				GCC_WARN_ABOUT_RETURN_TYPE = YES_ERROR;
				GCC_WARN_UNDECLARED_SELECTOR = YES;
				GCC_WARN_UNINITIALIZED_AUTOS = YES_AGGRESSIVE;
				GCC_WARN_UNUSED_FUNCTION = YES;
				GCC_WARN_UNUSED_VARIABLE = YES;
				IPHONEOS_DEPLOYMENT_TARGET = 13.6;
				MTL_ENABLE_DEBUG_INFO = INCLUDE_SOURCE;
				MTL_FAST_MATH = YES;
				ONLY_ACTIVE_ARCH = YES;
				SDKROOT = iphoneos;
				SWIFT_ACTIVE_COMPILATION_CONDITIONS = DEBUG;
				SWIFT_OPTIMIZATION_LEVEL = "-Onone";
			};
			name = Debug;
		};
		3E23499624FBEAA500ED9B54 /* Release */ = {
			isa = XCBuildConfiguration;
			buildSettings = {
				ALWAYS_SEARCH_USER_PATHS = NO;
				CLANG_ANALYZER_NONNULL = YES;
				CLANG_ANALYZER_NUMBER_OBJECT_CONVERSION = YES_AGGRESSIVE;
				CLANG_CXX_LANGUAGE_STANDARD = "gnu++14";
				CLANG_CXX_LIBRARY = "libc++";
				CLANG_ENABLE_MODULES = YES;
				CLANG_ENABLE_OBJC_ARC = YES;
				CLANG_ENABLE_OBJC_WEAK = YES;
				CLANG_WARN_BLOCK_CAPTURE_AUTORELEASING = YES;
				CLANG_WARN_BOOL_CONVERSION = YES;
				CLANG_WARN_COMMA = YES;
				CLANG_WARN_CONSTANT_CONVERSION = YES;
				CLANG_WARN_DEPRECATED_OBJC_IMPLEMENTATIONS = YES;
				CLANG_WARN_DIRECT_OBJC_ISA_USAGE = YES_ERROR;
				CLANG_WARN_DOCUMENTATION_COMMENTS = YES;
				CLANG_WARN_EMPTY_BODY = YES;
				CLANG_WARN_ENUM_CONVERSION = YES;
				CLANG_WARN_INFINITE_RECURSION = YES;
				CLANG_WARN_INT_CONVERSION = YES;
				CLANG_WARN_NON_LITERAL_NULL_CONVERSION = YES;
				CLANG_WARN_OBJC_IMPLICIT_RETAIN_SELF = YES;
				CLANG_WARN_OBJC_LITERAL_CONVERSION = YES;
				CLANG_WARN_OBJC_ROOT_CLASS = YES_ERROR;
				CLANG_WARN_RANGE_LOOP_ANALYSIS = YES;
				CLANG_WARN_STRICT_PROTOTYPES = YES;
				CLANG_WARN_SUSPICIOUS_MOVE = YES;
				CLANG_WARN_UNGUARDED_AVAILABILITY = YES_AGGRESSIVE;
				CLANG_WARN_UNREACHABLE_CODE = YES;
				CLANG_WARN__DUPLICATE_METHOD_MATCH = YES;
				COPY_PHASE_STRIP = NO;
				DEBUG_INFORMATION_FORMAT = "dwarf-with-dsym";
				ENABLE_NS_ASSERTIONS = NO;
				ENABLE_STRICT_OBJC_MSGSEND = YES;
				GCC_C_LANGUAGE_STANDARD = gnu11;
				GCC_NO_COMMON_BLOCKS = YES;
				GCC_WARN_64_TO_32_BIT_CONVERSION = YES;
				GCC_WARN_ABOUT_RETURN_TYPE = YES_ERROR;
				GCC_WARN_UNDECLARED_SELECTOR = YES;
				GCC_WARN_UNINITIALIZED_AUTOS = YES_AGGRESSIVE;
				GCC_WARN_UNUSED_FUNCTION = YES;
				GCC_WARN_UNUSED_VARIABLE = YES;
				IPHONEOS_DEPLOYMENT_TARGET = 13.6;
				MTL_ENABLE_DEBUG_INFO = NO;
				MTL_FAST_MATH = YES;
				SDKROOT = iphoneos;
				SWIFT_COMPILATION_MODE = wholemodule;
				SWIFT_OPTIMIZATION_LEVEL = "-O";
				VALIDATE_PRODUCT = YES;
			};
			name = Release;
		};
		3E23499824FBEAA500ED9B54 /* Debug */ = {
			isa = XCBuildConfiguration;
			baseConfigurationReference = EA3E1466FB6918EB3937AB93 /* Pods-Characters.debug.xcconfig */;
			buildSettings = {
				ASSETCATALOG_COMPILER_APPICON_NAME = AppIcon;
				CODE_SIGN_STYLE = Automatic;
				INFOPLIST_FILE = "Characters/Supporting files/Info.plist";
				LD_RUNPATH_SEARCH_PATHS = (
					"$(inherited)",
					"@executable_path/Frameworks",
				);
				PRODUCT_BUNDLE_IDENTIFIER = wonderland.Characters;
				PRODUCT_NAME = "$(TARGET_NAME)";
				SWIFT_VERSION = 5.0;
				TARGETED_DEVICE_FAMILY = "1,2";
			};
			name = Debug;
		};
		3E23499924FBEAA500ED9B54 /* Release */ = {
			isa = XCBuildConfiguration;
			baseConfigurationReference = 1812782CE28D149F844C7AAA /* Pods-Characters.release.xcconfig */;
			buildSettings = {
				ASSETCATALOG_COMPILER_APPICON_NAME = AppIcon;
				CODE_SIGN_STYLE = Automatic;
				INFOPLIST_FILE = "Characters/Supporting files/Info.plist";
				LD_RUNPATH_SEARCH_PATHS = (
					"$(inherited)",
					"@executable_path/Frameworks",
				);
				PRODUCT_BUNDLE_IDENTIFIER = wonderland.Characters;
				PRODUCT_NAME = "$(TARGET_NAME)";
				SWIFT_VERSION = 5.0;
				TARGETED_DEVICE_FAMILY = "1,2";
			};
			name = Release;
		};
/* End XCBuildConfiguration section */

/* Begin XCConfigurationList section */
		3E23497E24FBEAA200ED9B54 /* Build configuration list for PBXProject "Characters" */ = {
			isa = XCConfigurationList;
			buildConfigurations = (
				3E23499524FBEAA500ED9B54 /* Debug */,
				3E23499624FBEAA500ED9B54 /* Release */,
			);
			defaultConfigurationIsVisible = 0;
			defaultConfigurationName = Release;
		};
		3E23499724FBEAA500ED9B54 /* Build configuration list for PBXNativeTarget "Characters" */ = {
			isa = XCConfigurationList;
			buildConfigurations = (
				3E23499824FBEAA500ED9B54 /* Debug */,
				3E23499924FBEAA500ED9B54 /* Release */,
			);
			defaultConfigurationIsVisible = 0;
			defaultConfigurationName = Release;
		};
/* End XCConfigurationList section */
	};
	rootObject = 3E23497B24FBEAA200ED9B54 /* Project object */;
}
